
Microsoft Visual Studio Solution File, Format Version 12.00
# Visual Studio Version 17
VisualStudioVersion = 17.5.33530.505
MinimumVisualStudioVersion = 10.0.40219.1
Project("{FAE04EC0-301F-11D3-BF4B-00C04F79EFBC}") = "eTicket", "eTicket.csproj", "{B3EAE7B8-9A09-4EC3-8AC5-5097D6137625}"
EndProject
Global
	GlobalSection(SolutionConfigurationPlatforms) = preSolution
		Debug|Any CPU = Debug|Any CPU
		Release|Any CPU = Release|Any CPU
	EndGlobalSection
	GlobalSection(ProjectConfigurationPlatforms) = postSolution
		{B3EAE7B8-9A09-4EC3-8AC5-5097D6137625}.Debug|Any CPU.ActiveCfg = Debug|Any CPU
		{B3EAE7B8-9A09-4EC3-8AC5-5097D6137625}.Debug|Any CPU.Build.0 = Debug|Any CPU
		{B3EAE7B8-9A09-4EC3-8AC5-5097D6137625}.Release|Any CPU.ActiveCfg = Release|Any CPU
		{B3EAE7B8-9A09-4EC3-8AC5-5097D6137625}.Release|Any CPU.Build.0 = Release|Any CPU
	EndGlobalSection
	GlobalSection(SolutionProperties) = preSolution
		HideSolutionNode = FALSE
	EndGlobalSection
	GlobalSection(ExtensibilityGlobals) = postSolution
		SolutionGuid = {270AF9F6-7CD6-4916-A4E7-94256DBFB7FF}
	EndGlobalSection
EndGlobal
